
Microsoft Visual Studio Solution File, Format Version 12.00
# Visual Studio Version 17
VisualStudioVersion = 17.8.34330.188
MinimumVisualStudioVersion = 10.0.40219.1
Project("{FAE04EC0-301F-11D3-BF4B-00C04F79EFBC}") = "Calculator", "Calculator\Calculator.csproj", "{A1CA6F36-D703-49FC-A28D-0300D3A0A02E}"
EndProject
Global
	GlobalSection(SolutionConfigurationPlatforms) = preSolution
		Debug|Any CPU = Debug|Any CPU
		Release|Any CPU = Release|Any CPU
	EndGlobalSection
	GlobalSection(ProjectConfigurationPlatforms) = postSolution
		{A1CA6F36-D703-49FC-A28D-0300D3A0A02E}.Debug|Any CPU.ActiveCfg = Debug|Any CPU
		{A1CA6F36-D703-49FC-A28D-0300D3A0A02E}.Debug|Any CPU.Build.0 = Debug|Any CPU
		{A1CA6F36-D703-49FC-A28D-0300D3A0A02E}.Release|Any CPU.ActiveCfg = Release|Any CPU
		{A1CA6F36-D703-49FC-A28D-0300D3A0A02E}.Release|Any CPU.Build.0 = Release|Any CPU
	EndGlobalSection
	GlobalSection(SolutionProperties) = preSolution
		HideSolutionNode = FALSE
	EndGlobalSection
	GlobalSection(ExtensibilityGlobals) = postSolution
		SolutionGuid = {C83821D9-1E19-4FCF-85F7-17545A8F5BD8}
	EndGlobalSection
EndGlobal
